// !$*UTF8*$!
{
	archiveVersion = 1;
	classes = {
	};
	objectVersion = 55;
	objects = {

/* Begin PBXBuildFile section */
		C81BC3EE281D52E6004A44EC /* ResultView.swift in Sources */ = {isa = PBXBuildFile; fileRef = C81BC3ED281D52E6004A44EC /* ResultView.swift */; };
		C81BC3F0281E3E07004A44EC /* StartView.swift in Sources */ = {isa = PBXBuildFile; fileRef = C81BC3EF281E3E07004A44EC /* StartView.swift */; };
		C839146E283A8F47004707E7 /* InformationView.swift in Sources */ = {isa = PBXBuildFile; fileRef = C839146D283A8F47004707E7 /* InformationView.swift */; };
		C8391470283DE0EC004707E7 /* HistoryModel.swift in Sources */ = {isa = PBXBuildFile; fileRef = C839146F283DE0EC004707E7 /* HistoryModel.swift */; };
		C847EC65283E445E00D533F6 /* HistoryView.swift in Sources */ = {isa = PBXBuildFile; fileRef = C847EC64283E445E00D533F6 /* HistoryView.swift */; };
		C85C023E282B772100DCF882 /* SettingView.swift in Sources */ = {isa = PBXBuildFile; fileRef = C85C023D282B772100DCF882 /* SettingView.swift */; };
		C8DDEE9F280A59A3006AE665 /* WordleApp.swift in Sources */ = {isa = PBXBuildFile; fileRef = C8DDEE9E280A59A3006AE665 /* WordleApp.swift */; };
		C8DDEEA1280A59A3006AE665 /* ContentView.swift in Sources */ = {isa = PBXBuildFile; fileRef = C8DDEEA0280A59A3006AE665 /* ContentView.swift */; };
		C8DDEEA3280A59A7006AE665 /* Assets.xcassets in Resources */ = {isa = PBXBuildFile; fileRef = C8DDEEA2280A59A7006AE665 /* Assets.xcassets */; };
		C8DDEEA6280A59A7006AE665 /* Preview Assets.xcassets in Resources */ = {isa = PBXBuildFile; fileRef = C8DDEEA5280A59A7006AE665 /* Preview Assets.xcassets */; };
		C8DDEEAE280A5F82006AE665 /* KeyboardView.swift in Sources */ = {isa = PBXBuildFile; fileRef = C8DDEEAD280A5F82006AE665 /* KeyboardView.swift */; };
		C8DDEEB0280A61A2006AE665 /* KeyboardButtonView.swift in Sources */ = {isa = PBXBuildFile; fileRef = C8DDEEAF280A61A2006AE665 /* KeyboardButtonView.swift */; };
		C8DDEEB2280A6445006AE665 /* GameView.swift in Sources */ = {isa = PBXBuildFile; fileRef = C8DDEEB1280A6445006AE665 /* GameView.swift */; };
		C8DDEEB4280A680E006AE665 /* PressStart2P-Regular.ttf in Resources */ = {isa = PBXBuildFile; fileRef = C8DDEEB3280A680E006AE665 /* PressStart2P-Regular.ttf */; };
		C8DDEEBA280A7A8E006AE665 /* wordModel.swift in Sources */ = {isa = PBXBuildFile; fileRef = C8DDEEB9280A7A8E006AE665 /* wordModel.swift */; };
		C8DDEEBC280A905B006AE665 /* GuessView.swift in Sources */ = {isa = PBXBuildFile; fileRef = C8DDEEBB280A905B006AE665 /* GuessView.swift */; };
		C8DDEEBE280AEADB006AE665 /* AnswerModel.swift in Sources */ = {isa = PBXBuildFile; fileRef = C8DDEEBD280AEADB006AE665 /* AnswerModel.swift */; };
/* End PBXBuildFile section */

/* Begin PBXFileReference section */
		C81BC3ED281D52E6004A44EC /* ResultView.swift */ = {isa = PBXFileReference; lastKnownFileType = sourcecode.swift; path = ResultView.swift; sourceTree = "<group>"; };
		C81BC3EF281E3E07004A44EC /* StartView.swift */ = {isa = PBXFileReference; lastKnownFileType = sourcecode.swift; path = StartView.swift; sourceTree = "<group>"; };
		C839146D283A8F47004707E7 /* InformationView.swift */ = {isa = PBXFileReference; lastKnownFileType = sourcecode.swift; path = InformationView.swift; sourceTree = "<group>"; };
		C839146F283DE0EC004707E7 /* HistoryModel.swift */ = {isa = PBXFileReference; lastKnownFileType = sourcecode.swift; path = HistoryModel.swift; sourceTree = "<group>"; };
		C847EC64283E445E00D533F6 /* HistoryView.swift */ = {isa = PBXFileReference; lastKnownFileType = sourcecode.swift; path = HistoryView.swift; sourceTree = "<group>"; };
		C85C023D282B772100DCF882 /* SettingView.swift */ = {isa = PBXFileReference; lastKnownFileType = sourcecode.swift; path = SettingView.swift; sourceTree = "<group>"; };
		C8DDEE9B280A59A3006AE665 /* Wordle.app */ = {isa = PBXFileReference; explicitFileType = wrapper.application; includeInIndex = 0; path = Wordle.app; sourceTree = BUILT_PRODUCTS_DIR; };
		C8DDEE9E280A59A3006AE665 /* WordleApp.swift */ = {isa = PBXFileReference; lastKnownFileType = sourcecode.swift; path = WordleApp.swift; sourceTree = "<group>"; };
		C8DDEEA0280A59A3006AE665 /* ContentView.swift */ = {isa = PBXFileReference; lastKnownFileType = sourcecode.swift; path = ContentView.swift; sourceTree = "<group>"; };
		C8DDEEA2280A59A7006AE665 /* Assets.xcassets */ = {isa = PBXFileReference; lastKnownFileType = folder.assetcatalog; path = Assets.xcassets; sourceTree = "<group>"; };
		C8DDEEA5280A59A7006AE665 /* Preview Assets.xcassets */ = {isa = PBXFileReference; lastKnownFileType = folder.assetcatalog; path = "Preview Assets.xcassets"; sourceTree = "<group>"; };
		C8DDEEAD280A5F82006AE665 /* KeyboardView.swift */ = {isa = PBXFileReference; lastKnownFileType = sourcecode.swift; path = KeyboardView.swift; sourceTree = "<group>"; };
		C8DDEEAF280A61A2006AE665 /* KeyboardButtonView.swift */ = {isa = PBXFileReference; lastKnownFileType = sourcecode.swift; path = KeyboardButtonView.swift; sourceTree = "<group>"; };
		C8DDEEB1280A6445006AE665 /* GameView.swift */ = {isa = PBXFileReference; lastKnownFileType = sourcecode.swift; path = GameView.swift; sourceTree = "<group>"; };
		C8DDEEB3280A680E006AE665 /* PressStart2P-Regular.ttf */ = {isa = PBXFileReference; lastKnownFileType = file; path = "PressStart2P-Regular.ttf"; sourceTree = "<group>"; };
		C8DDEEB5280A685E006AE665 /* Info.plist */ = {isa = PBXFileReference; lastKnownFileType = text.plist; path = Info.plist; sourceTree = "<group>"; };
		C8DDEEB9280A7A8E006AE665 /* wordModel.swift */ = {isa = PBXFileReference; lastKnownFileType = sourcecode.swift; path = wordModel.swift; sourceTree = "<group>"; };
		C8DDEEBB280A905B006AE665 /* GuessView.swift */ = {isa = PBXFileReference; lastKnownFileType = sourcecode.swift; path = GuessView.swift; sourceTree = "<group>"; };
		C8DDEEBD280AEADB006AE665 /* AnswerModel.swift */ = {isa = PBXFileReference; lastKnownFileType = sourcecode.swift; path = AnswerModel.swift; sourceTree = "<group>"; };
/* End PBXFileReference section */

/* Begin PBXFrameworksBuildPhase section */
		C8DDEE98280A59A3006AE665 /* Frameworks */ = {
			isa = PBXFrameworksBuildPhase;
			buildActionMask = 2147483647;
			files = (
			);
			runOnlyForDeploymentPostprocessing = 0;
		};
/* End PBXFrameworksBuildPhase section */

/* Begin PBXGroup section */
		C8DDEE92280A59A3006AE665 = {
			isa = PBXGroup;
			children = (
				C8DDEE9D280A59A3006AE665 /* Wordle */,
				C8DDEE9C280A59A3006AE665 /* Products */,
			);
			sourceTree = "<group>";
		};
		C8DDEE9C280A59A3006AE665 /* Products */ = {
			isa = PBXGroup;
			children = (
				C8DDEE9B280A59A3006AE665 /* Wordle.app */,
			);
			name = Products;
			sourceTree = "<group>";
		};
		C8DDEE9D280A59A3006AE665 /* Wordle */ = {
			isa = PBXGroup;
			children = (
				C8DDEEB8280A7A6B006AE665 /* Models */,
				C8DDEEB5280A685E006AE665 /* Info.plist */,
				C8DDEEB3280A680E006AE665 /* PressStart2P-Regular.ttf */,
				C8DDEE9E280A59A3006AE665 /* WordleApp.swift */,
				C8DDEEA0280A59A3006AE665 /* ContentView.swift */,
				C8DDEEAC280A5F66006AE665 /* View */,
				C8DDEEA2280A59A7006AE665 /* Assets.xcassets */,
				C8DDEEA4280A59A7006AE665 /* Preview Content */,
			);
			path = Wordle;
			sourceTree = "<group>";
		};
		C8DDEEA4280A59A7006AE665 /* Preview Content */ = {
			isa = PBXGroup;
			children = (
				C8DDEEA5280A59A7006AE665 /* Preview Assets.xcassets */,
			);
			path = "Preview Content";
			sourceTree = "<group>";
		};
		C8DDEEAC280A5F66006AE665 /* View */ = {
			isa = PBXGroup;
			children = (
				C8DDEEAD280A5F82006AE665 /* KeyboardView.swift */,
				C8DDEEAF280A61A2006AE665 /* KeyboardButtonView.swift */,
				C8DDEEB1280A6445006AE665 /* GameView.swift */,
				C8DDEEBB280A905B006AE665 /* GuessView.swift */,
				C81BC3ED281D52E6004A44EC /* ResultView.swift */,
				C81BC3EF281E3E07004A44EC /* StartView.swift */,
				C85C023D282B772100DCF882 /* SettingView.swift */,
				C839146D283A8F47004707E7 /* InformationView.swift */,
				C847EC64283E445E00D533F6 /* HistoryView.swift */,
			);
			path = View;
			sourceTree = "<group>";
		};
		C8DDEEB8280A7A6B006AE665 /* Models */ = {
			isa = PBXGroup;
			children = (
				C8DDEEB9280A7A8E006AE665 /* wordModel.swift */,
				C8DDEEBD280AEADB006AE665 /* AnswerModel.swift */,
				C839146F283DE0EC004707E7 /* HistoryModel.swift */,
			);
			path = Models;
			sourceTree = "<group>";
		};
/* End PBXGroup section */

/* Begin PBXNativeTarget section */
		C8DDEE9A280A59A3006AE665 /* Wordle */ = {
			isa = PBXNativeTarget;
			buildConfigurationList = C8DDEEA9280A59A7006AE665 /* Build configuration list for PBXNativeTarget "Wordle" */;
			buildPhases = (
				C8DDEE97280A59A3006AE665 /* Sources */,
				C8DDEE98280A59A3006AE665 /* Frameworks */,
				C8DDEE99280A59A3006AE665 /* Resources */,
			);
			buildRules = (
			);
			dependencies = (
			);
			name = Wordle;
			productName = Wordle;
			productReference = C8DDEE9B280A59A3006AE665 /* Wordle.app */;
			productType = "com.apple.product-type.application";
		};
/* End PBXNativeTarget section */

/* Begin PBXProject section */
		C8DDEE93280A59A3006AE665 /* Project object */ = {
			isa = PBXProject;
			attributes = {
				BuildIndependentTargetsInParallel = 1;
				LastSwiftUpdateCheck = 1330;
				LastUpgradeCheck = 1330;
				TargetAttributes = {
					C8DDEE9A280A59A3006AE665 = {
						CreatedOnToolsVersion = 13.3.1;
					};
				};
			};
			buildConfigurationList = C8DDEE96280A59A3006AE665 /* Build configuration list for PBXProject "Wordle" */;
			compatibilityVersion = "Xcode 13.0";
			developmentRegion = en;
			hasScannedForEncodings = 0;
			knownRegions = (
				en,
				Base,
			);
			mainGroup = C8DDEE92280A59A3006AE665;
			productRefGroup = C8DDEE9C280A59A3006AE665 /* Products */;
			projectDirPath = "";
			projectRoot = "";
			targets = (
				C8DDEE9A280A59A3006AE665 /* Wordle */,
			);
		};
/* End PBXProject section */

/* Begin PBXResourcesBuildPhase section */
		C8DDEE99280A59A3006AE665 /* Resources */ = {
			isa = PBXResourcesBuildPhase;
			buildActionMask = 2147483647;
			files = (
				C8DDEEB4280A680E006AE665 /* PressStart2P-Regular.ttf in Resources */,
				C8DDEEA6280A59A7006AE665 /* Preview Assets.xcassets in Resources */,
				C8DDEEA3280A59A7006AE665 /* Assets.xcassets in Resources */,
			);
			runOnlyForDeploymentPostprocessing = 0;
		};
/* End PBXResourcesBuildPhase section */

/* Begin PBXSourcesBuildPhase section */
		C8DDEE97280A59A3006AE665 /* Sources */ = {
			isa = PBXSourcesBuildPhase;
			buildActionMask = 2147483647;
			files = (
				C8DDEEA1280A59A3006AE665 /* ContentView.swift in Sources */,
				C81BC3F0281E3E07004A44EC /* StartView.swift in Sources */,
				C8DDEEBA280A7A8E006AE665 /* wordModel.swift in Sources */,
				C81BC3EE281D52E6004A44EC /* ResultView.swift in Sources */,
				C8DDEEAE280A5F82006AE665 /* KeyboardView.swift in Sources */,
				C8DDEE9F280A59A3006AE665 /* WordleApp.swift in Sources */,
				C8391470283DE0EC004707E7 /* HistoryModel.swift in Sources */,
				C847EC65283E445E00D533F6 /* HistoryView.swift in Sources */,
				C8DDEEBC280A905B006AE665 /* GuessView.swift in Sources */,
				C8DDEEBE280AEADB006AE665 /* AnswerModel.swift in Sources */,
				C8DDEEB0280A61A2006AE665 /* KeyboardButtonView.swift in Sources */,
				C839146E283A8F47004707E7 /* InformationView.swift in Sources */,
				C8DDEEB2280A6445006AE665 /* GameView.swift in Sources */,
				C85C023E282B772100DCF882 /* SettingView.swift in Sources */,
			);
			runOnlyForDeploymentPostprocessing = 0;
		};
/* End PBXSourcesBuildPhase section */

/* Begin XCBuildConfiguration section */
		C8DDEEA7280A59A7006AE665 /* Debug */ = {
			isa = XCBuildConfiguration;
			buildSettings = {
				ALWAYS_SEARCH_USER_PATHS = NO;
				CLANG_ANALYZER_NONNULL = YES;
				CLANG_ANALYZER_NUMBER_OBJECT_CONVERSION = YES_AGGRESSIVE;
				CLANG_CXX_LANGUAGE_STANDARD = "gnu++17";
				CLANG_ENABLE_MODULES = YES;
				CLANG_ENABLE_OBJC_ARC = YES;
				CLANG_ENABLE_OBJC_WEAK = YES;
				CLANG_WARN_BLOCK_CAPTURE_AUTORELEASING = YES;
				CLANG_WARN_BOOL_CONVERSION = YES;
				CLANG_WARN_COMMA = YES;
				CLANG_WARN_CONSTANT_CONVERSION = YES;
				CLANG_WARN_DEPRECATED_OBJC_IMPLEMENTATIONS = YES;
				CLANG_WARN_DIRECT_OBJC_ISA_USAGE = YES_ERROR;
				CLANG_WARN_DOCUMENTATION_COMMENTS = YES;
				CLANG_WARN_EMPTY_BODY = YES;
				CLANG_WARN_ENUM_CONVERSION = YES;
				CLANG_WARN_INFINITE_RECURSION = YES;
				CLANG_WARN_INT_CONVERSION = YES;
				CLANG_WARN_NON_LITERAL_NULL_CONVERSION = YES;
				CLANG_WARN_OBJC_IMPLICIT_RETAIN_SELF = YES;
				CLANG_WARN_OBJC_LITERAL_CONVERSION = YES;
				CLANG_WARN_OBJC_ROOT_CLASS = YES_ERROR;
				CLANG_WARN_QUOTED_INCLUDE_IN_FRAMEWORK_HEADER = YES;
				CLANG_WARN_RANGE_LOOP_ANALYSIS = YES;
				CLANG_WARN_STRICT_PROTOTYPES = YES;
				CLANG_WARN_SUSPICIOUS_MOVE = YES;
				CLANG_WARN_UNGUARDED_AVAILABILITY = YES_AGGRESSIVE;
				CLANG_WARN_UNREACHABLE_CODE = YES;
				CLANG_WARN__DUPLICATE_METHOD_MATCH = YES;
				COPY_PHASE_STRIP = NO;
				DEBUG_INFORMATION_FORMAT = dwarf;
				ENABLE_STRICT_OBJC_MSGSEND = YES;
				ENABLE_TESTABILITY = YES;
				GCC_C_LANGUAGE_STANDARD = gnu11;
				GCC_DYNAMIC_NO_PIC = NO;
				GCC_NO_COMMON_BLOCKS = YES;
				GCC_OPTIMIZATION_LEVEL = 0;
				GCC_PREPROCESSOR_DEFINITIONS = (
					"DEBUG=1",
					"$(inherited)",
				);
				GCC_WARN_64_TO_32_BIT_CONVERSION = YES;
				GCC_WARN_ABOUT_RETURN_TYPE = YES_ERROR;
				GCC_WARN_UNDECLARED_SELECTOR = YES;
				GCC_WARN_UNINITIALIZED_AUTOS = YES_AGGRESSIVE;
				GCC_WARN_UNUSED_FUNCTION = YES;
				GCC_WARN_UNUSED_VARIABLE = YES;
				IPHONEOS_DEPLOYMENT_TARGET = 15.4;
				MTL_ENABLE_DEBUG_INFO = INCLUDE_SOURCE;
				MTL_FAST_MATH = YES;
				ONLY_ACTIVE_ARCH = YES;
				SDKROOT = iphoneos;
				SWIFT_ACTIVE_COMPILATION_CONDITIONS = DEBUG;
				SWIFT_OPTIMIZATION_LEVEL = "-Onone";
			};
			name = Debug;
		};
		C8DDEEA8280A59A7006AE665 /* Release */ = {
			isa = XCBuildConfiguration;
			buildSettings = {
				ALWAYS_SEARCH_USER_PATHS = NO;
				CLANG_ANALYZER_NONNULL = YES;
				CLANG_ANALYZER_NUMBER_OBJECT_CONVERSION = YES_AGGRESSIVE;
				CLANG_CXX_LANGUAGE_STANDARD = "gnu++17";
				CLANG_ENABLE_MODULES = YES;
				CLANG_ENABLE_OBJC_ARC = YES;
				CLANG_ENABLE_OBJC_WEAK = YES;
				CLANG_WARN_BLOCK_CAPTURE_AUTORELEASING = YES;
				CLANG_WARN_BOOL_CONVERSION = YES;
				CLANG_WARN_COMMA = YES;
				CLANG_WARN_CONSTANT_CONVERSION = YES;
				CLANG_WARN_DEPRECATED_OBJC_IMPLEMENTATIONS = YES;
				CLANG_WARN_DIRECT_OBJC_ISA_USAGE = YES_ERROR;
				CLANG_WARN_DOCUMENTATION_COMMENTS = YES;
				CLANG_WARN_EMPTY_BODY = YES;
				CLANG_WARN_ENUM_CONVERSION = YES;
				CLANG_WARN_INFINITE_RECURSION = YES;
				CLANG_WARN_INT_CONVERSION = YES;
				CLANG_WARN_NON_LITERAL_NULL_CONVERSION = YES;
				CLANG_WARN_OBJC_IMPLICIT_RETAIN_SELF = YES;
				CLANG_WARN_OBJC_LITERAL_CONVERSION = YES;
				CLANG_WARN_OBJC_ROOT_CLASS = YES_ERROR;
				CLANG_WARN_QUOTED_INCLUDE_IN_FRAMEWORK_HEADER = YES;
				CLANG_WARN_RANGE_LOOP_ANALYSIS = YES;
				CLANG_WARN_STRICT_PROTOTYPES = YES;
				CLANG_WARN_SUSPICIOUS_MOVE = YES;
				CLANG_WARN_UNGUARDED_AVAILABILITY = YES_AGGRESSIVE;
				CLANG_WARN_UNREACHABLE_CODE = YES;
				CLANG_WARN__DUPLICATE_METHOD_MATCH = YES;
				COPY_PHASE_STRIP = NO;
				DEBUG_INFORMATION_FORMAT = "dwarf-with-dsym";
				ENABLE_NS_ASSERTIONS = NO;
				ENABLE_STRICT_OBJC_MSGSEND = YES;
				GCC_C_LANGUAGE_STANDARD = gnu11;
				GCC_NO_COMMON_BLOCKS = YES;
				GCC_WARN_64_TO_32_BIT_CONVERSION = YES;
				GCC_WARN_ABOUT_RETURN_TYPE = YES_ERROR;
				GCC_WARN_UNDECLARED_SELECTOR = YES;
				GCC_WARN_UNINITIALIZED_AUTOS = YES_AGGRESSIVE;
				GCC_WARN_UNUSED_FUNCTION = YES;
				GCC_WARN_UNUSED_VARIABLE = YES;
				IPHONEOS_DEPLOYMENT_TARGET = 15.4;
				MTL_ENABLE_DEBUG_INFO = NO;
				MTL_FAST_MATH = YES;
				SDKROOT = iphoneos;
				SWIFT_COMPILATION_MODE = wholemodule;
				SWIFT_OPTIMIZATION_LEVEL = "-O";
				VALIDATE_PRODUCT = YES;
			};
			name = Release;
		};
		C8DDEEAA280A59A7006AE665 /* Debug */ = {
			isa = XCBuildConfiguration;
			buildSettings = {
				ASSETCATALOG_COMPILER_APPICON_NAME = AppIcon;
				ASSETCATALOG_COMPILER_GLOBAL_ACCENT_COLOR_NAME = AccentColor;
				CODE_SIGN_STYLE = Automatic;
				CURRENT_PROJECT_VERSION = 1;
				DEVELOPMENT_ASSET_PATHS = "\"Wordle/Preview Content\"";
				DEVELOPMENT_TEAM = 6662LXK987;
				ENABLE_PREVIEWS = YES;
				GENERATE_INFOPLIST_FILE = YES;
				INFOPLIST_FILE = Wordle/Info.plist;
				INFOPLIST_KEY_UIApplicationSceneManifest_Generation = YES;
				INFOPLIST_KEY_UIApplicationSupportsIndirectInputEvents = YES;
				INFOPLIST_KEY_UILaunchScreen_Generation = YES;
				INFOPLIST_KEY_UISupportedInterfaceOrientations_iPad = "UIInterfaceOrientationPortrait UIInterfaceOrientationPortraitUpsideDown UIInterfaceOrientationLandscapeLeft UIInterfaceOrientationLandscapeRight";
				INFOPLIST_KEY_UISupportedInterfaceOrientations_iPhone = "UIInterfaceOrientationPortrait UIInterfaceOrientationLandscapeLeft UIInterfaceOrientationLandscapeRight";
				LD_RUNPATH_SEARCH_PATHS = (
					"$(inherited)",
					"@executable_path/Frameworks",
				);
				MARKETING_VERSION = 1.0;
				PRODUCT_BUNDLE_IDENTIFIER = jojo.Wordle;
				PRODUCT_NAME = "$(TARGET_NAME)";
				SWIFT_EMIT_LOC_STRINGS = YES;
				SWIFT_VERSION = 5.0;
				TARGETED_DEVICE_FAMILY = "1,2";
			};
			name = Debug;
		};
		C8DDEEAB280A59A7006AE665 /* Release */ = {
			isa = XCBuildConfiguration;
			buildSettings = {
				ASSETCATALOG_COMPILER_APPICON_NAME = AppIcon;
				ASSETCATALOG_COMPILER_GLOBAL_ACCENT_COLOR_NAME = AccentColor;
				CODE_SIGN_STYLE = Automatic;
				CURRENT_PROJECT_VERSION = 1;
				DEVELOPMENT_ASSET_PATHS = "\"Wordle/Preview Content\"";
				DEVELOPMENT_TEAM = 6662LXK987;
				ENABLE_PREVIEWS = YES;
				GENERATE_INFOPLIST_FILE = YES;
				INFOPLIST_FILE = Wordle/Info.plist;
				INFOPLIST_KEY_UIApplicationSceneManifest_Generation = YES;
				INFOPLIST_KEY_UIApplicationSupportsIndirectInputEvents = YES;
				INFOPLIST_KEY_UILaunchScreen_Generation = YES;
				INFOPLIST_KEY_UISupportedInterfaceOrientations_iPad = "UIInterfaceOrientationPortrait UIInterfaceOrientationPortraitUpsideDown UIInterfaceOrientationLandscapeLeft UIInterfaceOrientationLandscapeRight";
				INFOPLIST_KEY_UISupportedInterfaceOrientations_iPhone = "UIInterfaceOrientationPortrait UIInterfaceOrientationLandscapeLeft UIInterfaceOrientationLandscapeRight";
				LD_RUNPATH_SEARCH_PATHS = (
					"$(inherited)",
					"@executable_path/Frameworks",
				);
				MARKETING_VERSION = 1.0;
				PRODUCT_BUNDLE_IDENTIFIER = jojo.Wordle;
				PRODUCT_NAME = "$(TARGET_NAME)";
				SWIFT_EMIT_LOC_STRINGS = YES;
				SWIFT_VERSION = 5.0;
				TARGETED_DEVICE_FAMILY = "1,2";
			};
			name = Release;
		};
/* End XCBuildConfiguration section */

/* Begin XCConfigurationList section */
		C8DDEE96280A59A3006AE665 /* Build configuration list for PBXProject "Wordle" */ = {
			isa = XCConfigurationList;
			buildConfigurations = (
				C8DDEEA7280A59A7006AE665 /* Debug */,
				C8DDEEA8280A59A7006AE665 /* Release */,
			);
			defaultConfigurationIsVisible = 0;
			defaultConfigurationName = Release;
		};
		C8DDEEA9280A59A7006AE665 /* Build configuration list for PBXNativeTarget "Wordle" */ = {
			isa = XCConfigurationList;
			buildConfigurations = (
				C8DDEEAA280A59A7006AE665 /* Debug */,
				C8DDEEAB280A59A7006AE665 /* Release */,
			);
			defaultConfigurationIsVisible = 0;
			defaultConfigurationName = Release;
		};
/* End XCConfigurationList section */
	};
	rootObject = C8DDEE93280A59A3006AE665 /* Project object */;
}
